// !$*UTF8*$!
{
	archiveVersion = 1;
	classes = {
	};
	objectVersion = 55;
	objects = {

/* Begin PBXBuildFile section */
		BF79D07727132EC10068BA61 /* AppDelegate.swift in Sources */ = {isa = PBXBuildFile; fileRef = BF79D07627132EC10068BA61 /* AppDelegate.swift */; };
		BF79D07927132EC10068BA61 /* SceneDelegate.swift in Sources */ = {isa = PBXBuildFile; fileRef = BF79D07827132EC10068BA61 /* SceneDelegate.swift */; };
		BF79D07B27132EC10068BA61 /* ViewController.swift in Sources */ = {isa = PBXBuildFile; fileRef = BF79D07A27132EC10068BA61 /* ViewController.swift */; };
		BF79D08027132EC40068BA61 /* Assets.xcassets in Resources */ = {isa = PBXBuildFile; fileRef = BF79D07F27132EC40068BA61 /* Assets.xcassets */; };
		BF79D08327132EC40068BA61 /* LaunchScreen.storyboard in Resources */ = {isa = PBXBuildFile; fileRef = BF79D08127132EC40068BA61 /* LaunchScreen.storyboard */; };
		BF79D08E27132EC50068BA61 /* Week_3Tests.swift in Sources */ = {isa = PBXBuildFile; fileRef = BF79D08D27132EC50068BA61 /* Week_3Tests.swift */; };
		BF79D09827132EC50068BA61 /* Week_3UITests.swift in Sources */ = {isa = PBXBuildFile; fileRef = BF79D09727132EC50068BA61 /* Week_3UITests.swift */; };
		BF79D09A27132EC50068BA61 /* Week_3UITestsLaunchTests.swift in Sources */ = {isa = PBXBuildFile; fileRef = BF79D09927132EC50068BA61 /* Week_3UITestsLaunchTests.swift */; };
		BF79D0A9271332E50068BA61 /* MainViewModel.swift in Sources */ = {isa = PBXBuildFile; fileRef = BF79D0A8271332E50068BA61 /* MainViewModel.swift */; };
		BF79D0AB271333320068BA61 /* MainViewController.swift in Sources */ = {isa = PBXBuildFile; fileRef = BF79D0AA271333320068BA61 /* MainViewController.swift */; };
		BF79D0AD2713333A0068BA61 /* MainViewBuilder.swift in Sources */ = {isa = PBXBuildFile; fileRef = BF79D0AC2713333A0068BA61 /* MainViewBuilder.swift */; };
		BF79D0B5271339C60068BA61 /* GenericValueProtocol.swift in Sources */ = {isa = PBXBuildFile; fileRef = BF79D0B1271339C60068BA61 /* GenericValueProtocol.swift */; };
		BF79D0B6271339C60068BA61 /* BaseViewController.swift in Sources */ = {isa = PBXBuildFile; fileRef = BF79D0B2271339C60068BA61 /* BaseViewController.swift */; };
		BF79D0B7271339C60068BA61 /* GenericBaseView.swift in Sources */ = {isa = PBXBuildFile; fileRef = BF79D0B3271339C60068BA61 /* GenericBaseView.swift */; };
		BF79D0B8271339C60068BA61 /* BaseView.swift in Sources */ = {isa = PBXBuildFile; fileRef = BF79D0B4271339C60068BA61 /* BaseView.swift */; };
/* End PBXBuildFile section */

/* Begin PBXContainerItemProxy section */
		BF79D08A27132EC50068BA61 /* PBXContainerItemProxy */ = {
			isa = PBXContainerItemProxy;
			containerPortal = BF79D06B27132EC10068BA61 /* Project object */;
			proxyType = 1;
			remoteGlobalIDString = BF79D07227132EC10068BA61;
			remoteInfo = Week_3;
		};
		BF79D09427132EC50068BA61 /* PBXContainerItemProxy */ = {
			isa = PBXContainerItemProxy;
			containerPortal = BF79D06B27132EC10068BA61 /* Project object */;
			proxyType = 1;
			remoteGlobalIDString = BF79D07227132EC10068BA61;
			remoteInfo = Week_3;
		};
/* End PBXContainerItemProxy section */

/* Begin PBXFileReference section */
		BF79D07327132EC10068BA61 /* Week_3.app */ = {isa = PBXFileReference; explicitFileType = wrapper.application; includeInIndex = 0; path = Week_3.app; sourceTree = BUILT_PRODUCTS_DIR; };
		BF79D07627132EC10068BA61 /* AppDelegate.swift */ = {isa = PBXFileReference; lastKnownFileType = sourcecode.swift; path = AppDelegate.swift; sourceTree = "<group>"; };
		BF79D07827132EC10068BA61 /* SceneDelegate.swift */ = {isa = PBXFileReference; lastKnownFileType = sourcecode.swift; path = SceneDelegate.swift; sourceTree = "<group>"; };
		BF79D07A27132EC10068BA61 /* ViewController.swift */ = {isa = PBXFileReference; lastKnownFileType = sourcecode.swift; path = ViewController.swift; sourceTree = "<group>"; };
		BF79D07F27132EC40068BA61 /* Assets.xcassets */ = {isa = PBXFileReference; lastKnownFileType = folder.assetcatalog; path = Assets.xcassets; sourceTree = "<group>"; };
		BF79D08227132EC40068BA61 /* Base */ = {isa = PBXFileReference; lastKnownFileType = file.storyboard; name = Base; path = Base.lproj/LaunchScreen.storyboard; sourceTree = "<group>"; };
		BF79D08427132EC40068BA61 /* Info.plist */ = {isa = PBXFileReference; lastKnownFileType = text.plist.xml; path = Info.plist; sourceTree = "<group>"; };
		BF79D08927132EC50068BA61 /* Week_3Tests.xctest */ = {isa = PBXFileReference; explicitFileType = wrapper.cfbundle; includeInIndex = 0; path = Week_3Tests.xctest; sourceTree = BUILT_PRODUCTS_DIR; };
		BF79D08D27132EC50068BA61 /* Week_3Tests.swift */ = {isa = PBXFileReference; lastKnownFileType = sourcecode.swift; path = Week_3Tests.swift; sourceTree = "<group>"; };
		BF79D09327132EC50068BA61 /* Week_3UITests.xctest */ = {isa = PBXFileReference; explicitFileType = wrapper.cfbundle; includeInIndex = 0; path = Week_3UITests.xctest; sourceTree = BUILT_PRODUCTS_DIR; };
		BF79D09727132EC50068BA61 /* Week_3UITests.swift */ = {isa = PBXFileReference; lastKnownFileType = sourcecode.swift; path = Week_3UITests.swift; sourceTree = "<group>"; };
		BF79D09927132EC50068BA61 /* Week_3UITestsLaunchTests.swift */ = {isa = PBXFileReference; lastKnownFileType = sourcecode.swift; path = Week_3UITestsLaunchTests.swift; sourceTree = "<group>"; };
		BF79D0A8271332E50068BA61 /* MainViewModel.swift */ = {isa = PBXFileReference; lastKnownFileType = sourcecode.swift; path = MainViewModel.swift; sourceTree = "<group>"; };
		BF79D0AA271333320068BA61 /* MainViewController.swift */ = {isa = PBXFileReference; lastKnownFileType = sourcecode.swift; path = MainViewController.swift; sourceTree = "<group>"; };
		BF79D0AC2713333A0068BA61 /* MainViewBuilder.swift */ = {isa = PBXFileReference; lastKnownFileType = sourcecode.swift; path = MainViewBuilder.swift; sourceTree = "<group>"; };
		BF79D0B1271339C60068BA61 /* GenericValueProtocol.swift */ = {isa = PBXFileReference; fileEncoding = 4; lastKnownFileType = sourcecode.swift; path = GenericValueProtocol.swift; sourceTree = "<group>"; };
		BF79D0B2271339C60068BA61 /* BaseViewController.swift */ = {isa = PBXFileReference; fileEncoding = 4; lastKnownFileType = sourcecode.swift; path = BaseViewController.swift; sourceTree = "<group>"; };
		BF79D0B3271339C60068BA61 /* GenericBaseView.swift */ = {isa = PBXFileReference; fileEncoding = 4; lastKnownFileType = sourcecode.swift; path = GenericBaseView.swift; sourceTree = "<group>"; };
		BF79D0B4271339C60068BA61 /* BaseView.swift */ = {isa = PBXFileReference; fileEncoding = 4; lastKnownFileType = sourcecode.swift; path = BaseView.swift; sourceTree = "<group>"; };
/* End PBXFileReference section */

/* Begin PBXFrameworksBuildPhase section */
		BF79D07027132EC10068BA61 /* Frameworks */ = {
			isa = PBXFrameworksBuildPhase;
			buildActionMask = 2147483647;
			files = (
			);
			runOnlyForDeploymentPostprocessing = 0;
		};
		BF79D08627132EC50068BA61 /* Frameworks */ = {
			isa = PBXFrameworksBuildPhase;
			buildActionMask = 2147483647;
			files = (
			);
			runOnlyForDeploymentPostprocessing = 0;
		};
		BF79D09027132EC50068BA61 /* Frameworks */ = {
			isa = PBXFrameworksBuildPhase;
			buildActionMask = 2147483647;
			files = (
			);
			runOnlyForDeploymentPostprocessing = 0;
		};
/* End PBXFrameworksBuildPhase section */

/* Begin PBXGroup section */
		BF79D06A27132EC10068BA61 = {
			isa = PBXGroup;
			children = (
				BF79D07527132EC10068BA61 /* Week_3 */,
				BF79D08C27132EC50068BA61 /* Week_3Tests */,
				BF79D09627132EC50068BA61 /* Week_3UITests */,
				BF79D07427132EC10068BA61 /* Products */,
			);
			sourceTree = "<group>";
		};
		BF79D07427132EC10068BA61 /* Products */ = {
			isa = PBXGroup;
			children = (
				BF79D07327132EC10068BA61 /* Week_3.app */,
				BF79D08927132EC50068BA61 /* Week_3Tests.xctest */,
				BF79D09327132EC50068BA61 /* Week_3UITests.xctest */,
			);
			name = Products;
			sourceTree = "<group>";
		};
		BF79D07527132EC10068BA61 /* Week_3 */ = {
			isa = PBXGroup;
			children = (
				BF79D0B0271339C60068BA61 /* BaseComponents */,
				BF79D0A6271332B50068BA61 /* SceneModules */,
				BF79D07627132EC10068BA61 /* AppDelegate.swift */,
				BF79D07827132EC10068BA61 /* SceneDelegate.swift */,
				BF79D07A27132EC10068BA61 /* ViewController.swift */,
				BF79D07F27132EC40068BA61 /* Assets.xcassets */,
				BF79D08127132EC40068BA61 /* LaunchScreen.storyboard */,
				BF79D08427132EC40068BA61 /* Info.plist */,
			);
			path = Week_3;
			sourceTree = "<group>";
		};
		BF79D08C27132EC50068BA61 /* Week_3Tests */ = {
			isa = PBXGroup;
			children = (
				BF79D08D27132EC50068BA61 /* Week_3Tests.swift */,
			);
			path = Week_3Tests;
			sourceTree = "<group>";
		};
		BF79D09627132EC50068BA61 /* Week_3UITests */ = {
			isa = PBXGroup;
			children = (
				BF79D09727132EC50068BA61 /* Week_3UITests.swift */,
				BF79D09927132EC50068BA61 /* Week_3UITestsLaunchTests.swift */,
			);
			path = Week_3UITests;
			sourceTree = "<group>";
		};
		BF79D0A6271332B50068BA61 /* SceneModules */ = {
			isa = PBXGroup;
			children = (
				BF79D0A7271332C50068BA61 /* Main */,
			);
			path = SceneModules;
			sourceTree = "<group>";
		};
		BF79D0A7271332C50068BA61 /* Main */ = {
			isa = PBXGroup;
			children = (
				BF79D0A8271332E50068BA61 /* MainViewModel.swift */,
				BF79D0AA271333320068BA61 /* MainViewController.swift */,
				BF79D0AC2713333A0068BA61 /* MainViewBuilder.swift */,
			);
			path = Main;
			sourceTree = "<group>";
		};
		BF79D0B0271339C60068BA61 /* BaseComponents */ = {
			isa = PBXGroup;
			children = (
				BF79D0B1271339C60068BA61 /* GenericValueProtocol.swift */,
				BF79D0B2271339C60068BA61 /* BaseViewController.swift */,
				BF79D0B3271339C60068BA61 /* GenericBaseView.swift */,
				BF79D0B4271339C60068BA61 /* BaseView.swift */,
			);
			name = BaseComponents;
			path = ../../../EbasGit/PermissionProject/PermissionProject/BaseComponents;
			sourceTree = "<group>";
		};
/* End PBXGroup section */

/* Begin PBXNativeTarget section */
		BF79D07227132EC10068BA61 /* Week_3 */ = {
			isa = PBXNativeTarget;
			buildConfigurationList = BF79D09D27132EC50068BA61 /* Build configuration list for PBXNativeTarget "Week_3" */;
			buildPhases = (
				BF79D06F27132EC10068BA61 /* Sources */,
				BF79D07027132EC10068BA61 /* Frameworks */,
				BF79D07127132EC10068BA61 /* Resources */,
			);
			buildRules = (
			);
			dependencies = (
			);
			name = Week_3;
			productName = Week_3;
			productReference = BF79D07327132EC10068BA61 /* Week_3.app */;
			productType = "com.apple.product-type.application";
		};
		BF79D08827132EC50068BA61 /* Week_3Tests */ = {
			isa = PBXNativeTarget;
			buildConfigurationList = BF79D0A027132EC50068BA61 /* Build configuration list for PBXNativeTarget "Week_3Tests" */;
			buildPhases = (
				BF79D08527132EC50068BA61 /* Sources */,
				BF79D08627132EC50068BA61 /* Frameworks */,
				BF79D08727132EC50068BA61 /* Resources */,
			);
			buildRules = (
			);
			dependencies = (
				BF79D08B27132EC50068BA61 /* PBXTargetDependency */,
			);
			name = Week_3Tests;
			productName = Week_3Tests;
			productReference = BF79D08927132EC50068BA61 /* Week_3Tests.xctest */;
			productType = "com.apple.product-type.bundle.unit-test";
		};
		BF79D09227132EC50068BA61 /* Week_3UITests */ = {
			isa = PBXNativeTarget;
			buildConfigurationList = BF79D0A327132EC50068BA61 /* Build configuration list for PBXNativeTarget "Week_3UITests" */;
			buildPhases = (
				BF79D08F27132EC50068BA61 /* Sources */,
				BF79D09027132EC50068BA61 /* Frameworks */,
				BF79D09127132EC50068BA61 /* Resources */,
			);
			buildRules = (
			);
			dependencies = (
				BF79D09527132EC50068BA61 /* PBXTargetDependency */,
			);
			name = Week_3UITests;
			productName = Week_3UITests;
			productReference = BF79D09327132EC50068BA61 /* Week_3UITests.xctest */;
			productType = "com.apple.product-type.bundle.ui-testing";
		};
/* End PBXNativeTarget section */

/* Begin PBXProject section */
		BF79D06B27132EC10068BA61 /* Project object */ = {
			isa = PBXProject;
			attributes = {
				BuildIndependentTargetsInParallel = 1;
				LastSwiftUpdateCheck = 1300;
				LastUpgradeCheck = 1300;
				TargetAttributes = {
					BF79D07227132EC10068BA61 = {
						CreatedOnToolsVersion = 13.0;
					};
					BF79D08827132EC50068BA61 = {
						CreatedOnToolsVersion = 13.0;
						TestTargetID = BF79D07227132EC10068BA61;
					};
					BF79D09227132EC50068BA61 = {
						CreatedOnToolsVersion = 13.0;
						TestTargetID = BF79D07227132EC10068BA61;
					};
				};
			};
			buildConfigurationList = BF79D06E27132EC10068BA61 /* Build configuration list for PBXProject "Week_3" */;
			compatibilityVersion = "Xcode 13.0";
			developmentRegion = en;
			hasScannedForEncodings = 0;
			knownRegions = (
				en,
				Base,
			);
			mainGroup = BF79D06A27132EC10068BA61;
			productRefGroup = BF79D07427132EC10068BA61 /* Products */;
			projectDirPath = "";
			projectRoot = "";
			targets = (
				BF79D07227132EC10068BA61 /* Week_3 */,
				BF79D08827132EC50068BA61 /* Week_3Tests */,
				BF79D09227132EC50068BA61 /* Week_3UITests */,
			);
		};
/* End PBXProject section */

/* Begin PBXResourcesBuildPhase section */
		BF79D07127132EC10068BA61 /* Resources */ = {
			isa = PBXResourcesBuildPhase;
			buildActionMask = 2147483647;
			files = (
				BF79D08327132EC40068BA61 /* LaunchScreen.storyboard in Resources */,
				BF79D08027132EC40068BA61 /* Assets.xcassets in Resources */,
			);
			runOnlyForDeploymentPostprocessing = 0;
		};
		BF79D08727132EC50068BA61 /* Resources */ = {
			isa = PBXResourcesBuildPhase;
			buildActionMask = 2147483647;
			files = (
			);
			runOnlyForDeploymentPostprocessing = 0;
		};
		BF79D09127132EC50068BA61 /* Resources */ = {
			isa = PBXResourcesBuildPhase;
			buildActionMask = 2147483647;
			files = (
			);
			runOnlyForDeploymentPostprocessing = 0;
		};
/* End PBXResourcesBuildPhase section */

/* Begin PBXSourcesBuildPhase section */
		BF79D06F27132EC10068BA61 /* Sources */ = {
			isa = PBXSourcesBuildPhase;
			buildActionMask = 2147483647;
			files = (
				BF79D07B27132EC10068BA61 /* ViewController.swift in Sources */,
				BF79D07727132EC10068BA61 /* AppDelegate.swift in Sources */,
				BF79D07927132EC10068BA61 /* SceneDelegate.swift in Sources */,
				BF79D0A9271332E50068BA61 /* MainViewModel.swift in Sources */,
				BF79D0AB271333320068BA61 /* MainViewController.swift in Sources */,
				BF79D0B7271339C60068BA61 /* GenericBaseView.swift in Sources */,
				BF79D0B6271339C60068BA61 /* BaseViewController.swift in Sources */,
				BF79D0B8271339C60068BA61 /* BaseView.swift in Sources */,
				BF79D0AD2713333A0068BA61 /* MainViewBuilder.swift in Sources */,
				BF79D0B5271339C60068BA61 /* GenericValueProtocol.swift in Sources */,
			);
			runOnlyForDeploymentPostprocessing = 0;
		};
		BF79D08527132EC50068BA61 /* Sources */ = {
			isa = PBXSourcesBuildPhase;
			buildActionMask = 2147483647;
			files = (
				BF79D08E27132EC50068BA61 /* Week_3Tests.swift in Sources */,
			);
			runOnlyForDeploymentPostprocessing = 0;
		};
		BF79D08F27132EC50068BA61 /* Sources */ = {
			isa = PBXSourcesBuildPhase;
			buildActionMask = 2147483647;
			files = (
				BF79D09A27132EC50068BA61 /* Week_3UITestsLaunchTests.swift in Sources */,
				BF79D09827132EC50068BA61 /* Week_3UITests.swift in Sources */,
			);
			runOnlyForDeploymentPostprocessing = 0;
		};
/* End PBXSourcesBuildPhase section */

/* Begin PBXTargetDependency section */
		BF79D08B27132EC50068BA61 /* PBXTargetDependency */ = {
			isa = PBXTargetDependency;
			target = BF79D07227132EC10068BA61 /* Week_3 */;
			targetProxy = BF79D08A27132EC50068BA61 /* PBXContainerItemProxy */;
		};
		BF79D09527132EC50068BA61 /* PBXTargetDependency */ = {
			isa = PBXTargetDependency;
			target = BF79D07227132EC10068BA61 /* Week_3 */;
			targetProxy = BF79D09427132EC50068BA61 /* PBXContainerItemProxy */;
		};
/* End PBXTargetDependency section */

/* Begin PBXVariantGroup section */
		BF79D08127132EC40068BA61 /* LaunchScreen.storyboard */ = {
			isa = PBXVariantGroup;
			children = (
				BF79D08227132EC40068BA61 /* Base */,
			);
			name = LaunchScreen.storyboard;
			sourceTree = "<group>";
		};
/* End PBXVariantGroup section */

/* Begin XCBuildConfiguration section */
		BF79D09B27132EC50068BA61 /* Debug */ = {
			isa = XCBuildConfiguration;
			buildSettings = {
				ALWAYS_SEARCH_USER_PATHS = NO;
				CLANG_ANALYZER_NONNULL = YES;
				CLANG_ANALYZER_NUMBER_OBJECT_CONVERSION = YES_AGGRESSIVE;
				CLANG_CXX_LANGUAGE_STANDARD = "gnu++17";
				CLANG_CXX_LIBRARY = "libc++";
				CLANG_ENABLE_MODULES = YES;
				CLANG_ENABLE_OBJC_ARC = YES;
				CLANG_ENABLE_OBJC_WEAK = YES;
				CLANG_WARN_BLOCK_CAPTURE_AUTORELEASING = YES;
				CLANG_WARN_BOOL_CONVERSION = YES;
				CLANG_WARN_COMMA = YES;
				CLANG_WARN_CONSTANT_CONVERSION = YES;
				CLANG_WARN_DEPRECATED_OBJC_IMPLEMENTATIONS = YES;
				CLANG_WARN_DIRECT_OBJC_ISA_USAGE = YES_ERROR;
				CLANG_WARN_DOCUMENTATION_COMMENTS = YES;
				CLANG_WARN_EMPTY_BODY = YES;
				CLANG_WARN_ENUM_CONVERSION = YES;
				CLANG_WARN_INFINITE_RECURSION = YES;
				CLANG_WARN_INT_CONVERSION = YES;
				CLANG_WARN_NON_LITERAL_NULL_CONVERSION = YES;
				CLANG_WARN_OBJC_IMPLICIT_RETAIN_SELF = YES;
				CLANG_WARN_OBJC_LITERAL_CONVERSION = YES;
				CLANG_WARN_OBJC_ROOT_CLASS = YES_ERROR;
				CLANG_WARN_QUOTED_INCLUDE_IN_FRAMEWORK_HEADER = YES;
				CLANG_WARN_RANGE_LOOP_ANALYSIS = YES;
				CLANG_WARN_STRICT_PROTOTYPES = YES;
				CLANG_WARN_SUSPICIOUS_MOVE = YES;
				CLANG_WARN_UNGUARDED_AVAILABILITY = YES_AGGRESSIVE;
				CLANG_WARN_UNREACHABLE_CODE = YES;
				CLANG_WARN__DUPLICATE_METHOD_MATCH = YES;
				COPY_PHASE_STRIP = NO;
				DEBUG_INFORMATION_FORMAT = dwarf;
				ENABLE_STRICT_OBJC_MSGSEND = YES;
				ENABLE_TESTABILITY = YES;
				GCC_C_LANGUAGE_STANDARD = gnu11;
				GCC_DYNAMIC_NO_PIC = NO;
				GCC_NO_COMMON_BLOCKS = YES;
				GCC_OPTIMIZATION_LEVEL = 0;
				GCC_PREPROCESSOR_DEFINITIONS = (
					"DEBUG=1",
					"$(inherited)",
				);
				GCC_WARN_64_TO_32_BIT_CONVERSION = YES;
				GCC_WARN_ABOUT_RETURN_TYPE = YES_ERROR;
				GCC_WARN_UNDECLARED_SELECTOR = YES;
				GCC_WARN_UNINITIALIZED_AUTOS = YES_AGGRESSIVE;
				GCC_WARN_UNUSED_FUNCTION = YES;
				GCC_WARN_UNUSED_VARIABLE = YES;
				IPHONEOS_DEPLOYMENT_TARGET = 15.0;
				MTL_ENABLE_DEBUG_INFO = INCLUDE_SOURCE;
				MTL_FAST_MATH = YES;
				ONLY_ACTIVE_ARCH = YES;
				SDKROOT = iphoneos;
				SWIFT_ACTIVE_COMPILATION_CONDITIONS = DEBUG;
				SWIFT_OPTIMIZATION_LEVEL = "-Onone";
			};
			name = Debug;
		};
		BF79D09C27132EC50068BA61 /* Release */ = {
			isa = XCBuildConfiguration;
			buildSettings = {
				ALWAYS_SEARCH_USER_PATHS = NO;
				CLANG_ANALYZER_NONNULL = YES;
				CLANG_ANALYZER_NUMBER_OBJECT_CONVERSION = YES_AGGRESSIVE;
				CLANG_CXX_LANGUAGE_STANDARD = "gnu++17";
				CLANG_CXX_LIBRARY = "libc++";
				CLANG_ENABLE_MODULES = YES;
				CLANG_ENABLE_OBJC_ARC = YES;
				CLANG_ENABLE_OBJC_WEAK = YES;
				CLANG_WARN_BLOCK_CAPTURE_AUTORELEASING = YES;
				CLANG_WARN_BOOL_CONVERSION = YES;
				CLANG_WARN_COMMA = YES;
				CLANG_WARN_CONSTANT_CONVERSION = YES;
				CLANG_WARN_DEPRECATED_OBJC_IMPLEMENTATIONS = YES;
				CLANG_WARN_DIRECT_OBJC_ISA_USAGE = YES_ERROR;
				CLANG_WARN_DOCUMENTATION_COMMENTS = YES;
				CLANG_WARN_EMPTY_BODY = YES;
				CLANG_WARN_ENUM_CONVERSION = YES;
				CLANG_WARN_INFINITE_RECURSION = YES;
				CLANG_WARN_INT_CONVERSION = YES;
				CLANG_WARN_NON_LITERAL_NULL_CONVERSION = YES;
				CLANG_WARN_OBJC_IMPLICIT_RETAIN_SELF = YES;
				CLANG_WARN_OBJC_LITERAL_CONVERSION = YES;
				CLANG_WARN_OBJC_ROOT_CLASS = YES_ERROR;
				CLANG_WARN_QUOTED_INCLUDE_IN_FRAMEWORK_HEADER = YES;
				CLANG_WARN_RANGE_LOOP_ANALYSIS = YES;
				CLANG_WARN_STRICT_PROTOTYPES = YES;
				CLANG_WARN_SUSPICIOUS_MOVE = YES;
				CLANG_WARN_UNGUARDED_AVAILABILITY = YES_AGGRESSIVE;
				CLANG_WARN_UNREACHABLE_CODE = YES;
				CLANG_WARN__DUPLICATE_METHOD_MATCH = YES;
				COPY_PHASE_STRIP = NO;
				DEBUG_INFORMATION_FORMAT = "dwarf-with-dsym";
				ENABLE_NS_ASSERTIONS = NO;
				ENABLE_STRICT_OBJC_MSGSEND = YES;
				GCC_C_LANGUAGE_STANDARD = gnu11;
				GCC_NO_COMMON_BLOCKS = YES;
				GCC_WARN_64_TO_32_BIT_CONVERSION = YES;
				GCC_WARN_ABOUT_RETURN_TYPE = YES_ERROR;
				GCC_WARN_UNDECLARED_SELECTOR = YES;
				GCC_WARN_UNINITIALIZED_AUTOS = YES_AGGRESSIVE;
				GCC_WARN_UNUSED_FUNCTION = YES;
				GCC_WARN_UNUSED_VARIABLE = YES;
				IPHONEOS_DEPLOYMENT_TARGET = 15.0;
				MTL_ENABLE_DEBUG_INFO = NO;
				MTL_FAST_MATH = YES;
				SDKROOT = iphoneos;
				SWIFT_COMPILATION_MODE = wholemodule;
				SWIFT_OPTIMIZATION_LEVEL = "-O";
				VALIDATE_PRODUCT = YES;
			};
			name = Release;
		};
		BF79D09E27132EC50068BA61 /* Debug */ = {
			isa = XCBuildConfiguration;
			buildSettings = {
				ASSETCATALOG_COMPILER_APPICON_NAME = AppIcon;
				ASSETCATALOG_COMPILER_GLOBAL_ACCENT_COLOR_NAME = AccentColor;
				CODE_SIGN_STYLE = Automatic;
				CURRENT_PROJECT_VERSION = 1;
				GENERATE_INFOPLIST_FILE = YES;
				INFOPLIST_FILE = Week_3/Info.plist;
				INFOPLIST_KEY_UIApplicationSupportsIndirectInputEvents = YES;
				INFOPLIST_KEY_UILaunchStoryboardName = LaunchScreen;
				INFOPLIST_KEY_UISupportedInterfaceOrientations_iPad = "UIInterfaceOrientationPortrait UIInterfaceOrientationPortraitUpsideDown UIInterfaceOrientationLandscapeLeft UIInterfaceOrientationLandscapeRight";
				INFOPLIST_KEY_UISupportedInterfaceOrientations_iPhone = "UIInterfaceOrientationPortrait UIInterfaceOrientationLandscapeLeft UIInterfaceOrientationLandscapeRight";
				LD_RUNPATH_SEARCH_PATHS = (
					"$(inherited)",
					"@executable_path/Frameworks",
				);
				MARKETING_VERSION = 1.0;
				PRODUCT_BUNDLE_IDENTIFIER = "metin.Week-3";
				PRODUCT_NAME = "$(TARGET_NAME)";
				SWIFT_EMIT_LOC_STRINGS = YES;
				SWIFT_VERSION = 5.0;
				TARGETED_DEVICE_FAMILY = "1,2";
			};
			name = Debug;
		};
		BF79D09F27132EC50068BA61 /* Release */ = {
			isa = XCBuildConfiguration;
			buildSettings = {
				ASSETCATALOG_COMPILER_APPICON_NAME = AppIcon;
				ASSETCATALOG_COMPILER_GLOBAL_ACCENT_COLOR_NAME = AccentColor;
				CODE_SIGN_STYLE = Automatic;
				CURRENT_PROJECT_VERSION = 1;
				GENERATE_INFOPLIST_FILE = YES;
				INFOPLIST_FILE = Week_3/Info.plist;
				INFOPLIST_KEY_UIApplicationSupportsIndirectInputEvents = YES;
				INFOPLIST_KEY_UILaunchStoryboardName = LaunchScreen;
				INFOPLIST_KEY_UISupportedInterfaceOrientations_iPad = "UIInterfaceOrientationPortrait UIInterfaceOrientationPortraitUpsideDown UIInterfaceOrientationLandscapeLeft UIInterfaceOrientationLandscapeRight";
				INFOPLIST_KEY_UISupportedInterfaceOrientations_iPhone = "UIInterfaceOrientationPortrait UIInterfaceOrientationLandscapeLeft UIInterfaceOrientationLandscapeRight";
				LD_RUNPATH_SEARCH_PATHS = (
					"$(inherited)",
					"@executable_path/Frameworks",
				);
				MARKETING_VERSION = 1.0;
				PRODUCT_BUNDLE_IDENTIFIER = "metin.Week-3";
				PRODUCT_NAME = "$(TARGET_NAME)";
				SWIFT_EMIT_LOC_STRINGS = YES;
				SWIFT_VERSION = 5.0;
				TARGETED_DEVICE_FAMILY = "1,2";
			};
			name = Release;
		};
		BF79D0A127132EC50068BA61 /* Debug */ = {
			isa = XCBuildConfiguration;
			buildSettings = {
				ALWAYS_EMBED_SWIFT_STANDARD_LIBRARIES = YES;
				BUNDLE_LOADER = "$(TEST_HOST)";
				CODE_SIGN_STYLE = Automatic;
				CURRENT_PROJECT_VERSION = 1;
				GENERATE_INFOPLIST_FILE = YES;
				IPHONEOS_DEPLOYMENT_TARGET = 15.0;
				LD_RUNPATH_SEARCH_PATHS = (
					"$(inherited)",
					"@executable_path/Frameworks",
					"@loader_path/Frameworks",
				);
				MARKETING_VERSION = 1.0;
				PRODUCT_BUNDLE_IDENTIFIER = "metin.Week-3Tests";
				PRODUCT_NAME = "$(TARGET_NAME)";
				SWIFT_EMIT_LOC_STRINGS = NO;
				SWIFT_VERSION = 5.0;
				TARGETED_DEVICE_FAMILY = "1,2";
				TEST_HOST = "$(BUILT_PRODUCTS_DIR)/Week_3.app/Week_3";
			};
			name = Debug;
		};
		BF79D0A227132EC50068BA61 /* Release */ = {
			isa = XCBuildConfiguration;
			buildSettings = {
				ALWAYS_EMBED_SWIFT_STANDARD_LIBRARIES = YES;
				BUNDLE_LOADER = "$(TEST_HOST)";
				CODE_SIGN_STYLE = Automatic;
				CURRENT_PROJECT_VERSION = 1;
				GENERATE_INFOPLIST_FILE = YES;
				IPHONEOS_DEPLOYMENT_TARGET = 15.0;
				LD_RUNPATH_SEARCH_PATHS = (
					"$(inherited)",
					"@executable_path/Frameworks",
					"@loader_path/Frameworks",
				);
				MARKETING_VERSION = 1.0;
				PRODUCT_BUNDLE_IDENTIFIER = "metin.Week-3Tests";
				PRODUCT_NAME = "$(TARGET_NAME)";
				SWIFT_EMIT_LOC_STRINGS = NO;
				SWIFT_VERSION = 5.0;
				TARGETED_DEVICE_FAMILY = "1,2";
				TEST_HOST = "$(BUILT_PRODUCTS_DIR)/Week_3.app/Week_3";
			};
			name = Release;
		};
		BF79D0A427132EC50068BA61 /* Debug */ = {
			isa = XCBuildConfiguration;
			buildSettings = {
				ALWAYS_EMBED_SWIFT_STANDARD_LIBRARIES = YES;
				CODE_SIGN_STYLE = Automatic;
				CURRENT_PROJECT_VERSION = 1;
				GENERATE_INFOPLIST_FILE = YES;
				LD_RUNPATH_SEARCH_PATHS = (
					"$(inherited)",
					"@executable_path/Frameworks",
					"@loader_path/Frameworks",
				);
				MARKETING_VERSION = 1.0;
				PRODUCT_BUNDLE_IDENTIFIER = "metin.Week-3UITests";
				PRODUCT_NAME = "$(TARGET_NAME)";
				SWIFT_EMIT_LOC_STRINGS = NO;
				SWIFT_VERSION = 5.0;
				TARGETED_DEVICE_FAMILY = "1,2";
				TEST_TARGET_NAME = Week_3;
			};
			name = Debug;
		};
		BF79D0A527132EC50068BA61 /* Release */ = {
			isa = XCBuildConfiguration;
			buildSettings = {
				ALWAYS_EMBED_SWIFT_STANDARD_LIBRARIES = YES;
				CODE_SIGN_STYLE = Automatic;
				CURRENT_PROJECT_VERSION = 1;
				GENERATE_INFOPLIST_FILE = YES;
				LD_RUNPATH_SEARCH_PATHS = (
					"$(inherited)",
					"@executable_path/Frameworks",
					"@loader_path/Frameworks",
				);
				MARKETING_VERSION = 1.0;
				PRODUCT_BUNDLE_IDENTIFIER = "metin.Week-3UITests";
				PRODUCT_NAME = "$(TARGET_NAME)";
				SWIFT_EMIT_LOC_STRINGS = NO;
				SWIFT_VERSION = 5.0;
				TARGETED_DEVICE_FAMILY = "1,2";
				TEST_TARGET_NAME = Week_3;
			};
			name = Release;
		};
/* End XCBuildConfiguration section */

/* Begin XCConfigurationList section */
		BF79D06E27132EC10068BA61 /* Build configuration list for PBXProject "Week_3" */ = {
			isa = XCConfigurationList;
			buildConfigurations = (
				BF79D09B27132EC50068BA61 /* Debug */,
				BF79D09C27132EC50068BA61 /* Release */,
			);
			defaultConfigurationIsVisible = 0;
			defaultConfigurationName = Release;
		};
		BF79D09D27132EC50068BA61 /* Build configuration list for PBXNativeTarget "Week_3" */ = {
			isa = XCConfigurationList;
			buildConfigurations = (
				BF79D09E27132EC50068BA61 /* Debug */,
				BF79D09F27132EC50068BA61 /* Release */,
			);
			defaultConfigurationIsVisible = 0;
			defaultConfigurationName = Release;
		};
		BF79D0A027132EC50068BA61 /* Build configuration list for PBXNativeTarget "Week_3Tests" */ = {
			isa = XCConfigurationList;
			buildConfigurations = (
				BF79D0A127132EC50068BA61 /* Debug */,
				BF79D0A227132EC50068BA61 /* Release */,
			);
			defaultConfigurationIsVisible = 0;
			defaultConfigurationName = Release;
		};
		BF79D0A327132EC50068BA61 /* Build configuration list for PBXNativeTarget "Week_3UITests" */ = {
			isa = XCConfigurationList;
			buildConfigurations = (
				BF79D0A427132EC50068BA61 /* Debug */,
				BF79D0A527132EC50068BA61 /* Release */,
			);
			defaultConfigurationIsVisible = 0;
			defaultConfigurationName = Release;
		};
/* End XCConfigurationList section */
	};
	rootObject = BF79D06B27132EC10068BA61 /* Project object */;
}
